
Microsoft Visual Studio Solution File, Format Version 12.00
# Visual Studio Version 17
VisualStudioVersion = 17.14.36221.1 d17.14
MinimumVisualStudioVersion = 10.0.40219.1
Project("{FAE04EC0-301F-11D3-BF4B-00C04F79EFBC}") = "DeltaBasedIndicators", "DeltaBasedIndicators.csproj", "{65EE979B-D14E-425F-B92A-5D8EA0AC4F0A}"
EndProject
Global
	GlobalSection(SolutionConfigurationPlatforms) = preSolution
		Debug|Any CPU = Debug|Any CPU
		Release|Any CPU = Release|Any CPU
	EndGlobalSection
	GlobalSection(ProjectConfigurationPlatforms) = postSolution
		{65EE979B-D14E-425F-B92A-5D8EA0AC4F0A}.Debug|Any CPU.ActiveCfg = Debug|Any CPU
		{65EE979B-D14E-425F-B92A-5D8EA0AC4F0A}.Debug|Any CPU.Build.0 = Debug|Any CPU
		{65EE979B-D14E-425F-B92A-5D8EA0AC4F0A}.Release|Any CPU.ActiveCfg = Release|Any CPU
		{65EE979B-D14E-425F-B92A-5D8EA0AC4F0A}.Release|Any CPU.Build.0 = Release|Any CPU
	EndGlobalSection
	GlobalSection(SolutionProperties) = preSolution
		HideSolutionNode = FALSE
	EndGlobalSection
	GlobalSection(ExtensibilityGlobals) = postSolution
		SolutionGuid = {1B2B1610-D0F2-45DB-96C8-2A607A162B2E}
	EndGlobalSection
EndGlobal
